Microsoft Visual Studio Solution File, Format Version 12.00
# Visual Studio Version 17
VisualStudioVersion = 17.0.31815.197
MinimumVisualStudioVersion = 10.0.40219.1
Project("{9A19103F-16F7-4668-BE54-9A1E7A4F7556}") = "Vortice.DirectX", "src\Vortice.DirectX\Vortice.DirectX.csproj", "{A9645572-0847-4FDA-90F4-0ACA2C257847}"
EndProject
Project("{9A19103F-16F7-4668-BE54-9A1E7A4F7556}") = "Vortice.Direct3D11", "src\Vortice.Direct3D11\Vortice.Direct3D11.csproj", "{26314741-88F5-4C0A-B34C-09FD714380A7}"
EndProject
Project("{9A19103F-16F7-4668-BE54-9A1E7A4F7556}") = "Vortice.Direct3D12", "src\Vortice.Direct3D12\Vortice.Direct3D12.csproj", "{734F3D9C-F768-425A-A2C4-E3491AD7B4C7}"
EndProject
Project("{9A19103F-16F7-4668-BE54-9A1E7A4F7556}") = "Vortice.Direct2D1", "src\Vortice.Direct2D1\Vortice.Direct2D1.csproj", "{2182B80A-2BFC-4995-AB1C-BC8EB433FE4C}"
EndProject
Project("{9A19103F-16F7-4668-BE54-9A1E7A4F7556}") = "Vortice.D3DCompiler", "src\Vortice.D3DCompiler\Vortice.D3DCompiler.csproj", "{E9F89D5F-AF93-498C-BFB0-61377F461491}"
EndProject
Project("{9A19103F-16F7-4668-BE54-9A1E7A4F7556}") = "Vortice.XInput", "src\Vortice.XInput\Vortice.XInput.csproj", "{000197C6-6CC3-4658-BF7A-F9BAF9BBF5E6}"
EndProject
Project("{9A19103F-16F7-4668-BE54-9A1E7A4F7556}") = "Vortice.Dxc", "src\Vortice.Dxc\Vortice.Dxc.csproj", "{B9511CB1-AF96-4108-BD05-A85973C60AC9}"
EndProject
Project("{9A19103F-16F7-4668-BE54-9A1E7A4F7556}") = "Vortice.DXGI", "src\Vortice.DXGI\Vortice.DXGI.csproj", "{2FA22A6B-D85E-4718-8C7D-9BC1A6212B9D}"
EndProject
Project("{9A19103F-16F7-4668-BE54-9A1E7A4F7556}") = "Vortice.XAudio2", "src\Vortice.XAudio2\Vortice.XAudio2.csproj", "{D9CBA826-85A4-47B3-BCA2-2D72AA8E2C5D}"
EndProject
Project("{9A19103F-16F7-4668-BE54-9A1E7A4F7556}") = "Vortice.Direct3D9", "src\Vortice.Direct3D9\Vortice.Direct3D9.csproj", "{B51C4D23-F3EC-4E69-9CEA-76D340BD6749}"
EndProject
Project("{9A19103F-16F7-4668-BE54-9A1E7A4F7556}") = "Vortice.DirectComposition", "src\Vortice.DirectComposition\Vortice.DirectComposition.csproj", "{4583371C-617C-4F5A-8514-D23C906F2338}"
EndProject
Project("{9A19103F-16F7-4668-BE54-9A1E7A4F7556}") = "Vortice.MediaFoundation", "src\Vortice.MediaFoundation\Vortice.MediaFoundation.csproj", "{B54120C2-217F-44C4-A1C2-DC9D93F09729}"
EndProject
Project("{9A19103F-16F7-4668-BE54-9A1E7A4F7556}") = "Vortice.WinUI", "src\Vortice.WinUI\Vortice.WinUI.csproj", "{9BF45C22-6C5B-4468-AD57-151D3E73947C}"
EndProject
Project("{2150E333-8FDC-42A3-9474-1A3956D46DE8}") = "samples", "samples", "{5676F50D-CC54-4DC6-980D-6B68FFF64065}"
EndProject
Project("{9A19103F-16F7-4668-BE54-9A1E7A4F7556}") = "Vortice.SampleFramework", "src\samples\Vortice.SampleFramework\Vortice.SampleFramework.csproj", "{58C451C2-994B-41E6-80C5-975C23D6ECF9}"
EndProject
Project("{9A19103F-16F7-4668-BE54-9A1E7A4F7556}") = "HelloDirect3D11", "src\samples\HelloDirect3D11\HelloDirect3D11.csproj", "{5368F2D1-D113-4C92-ABBC-A6FC3DE781B2}"
EndProject
Project("{9A19103F-16F7-4668-BE54-9A1E7A4F7556}") = "HelloDirect3D12", "src\samples\HelloDirect3D12\HelloDirect3D12.csproj", "{2246B81E-ED94-4DAD-8336-782CEDCD1795}"
EndProject
Project("{9A19103F-16F7-4668-BE54-9A1E7A4F7556}") = "HelloDirect3D12Raytracing", "src\samples\HelloDirect3D12Raytracing\HelloDirect3D12Raytracing.csproj", "{61F8DB50-54D3-44C7-A438-FE5201C01DD4}"
EndProject
Project("{2150E333-8FDC-42A3-9474-1A3956D46DE8}") = "build", "build", "{0DBFE3CB-7EB1-469D-9F87-40D414DEF509}"
	ProjectSection(SolutionItems) = preProject
		.editorconfig = .editorconfig
		CHANGELOG.md = CHANGELOG.md
		Directory.Build.props = Directory.Build.props
		Directory.Build.targets = Directory.Build.targets
		global.json = global.json
		LICENSE = LICENSE
		NuGet.config = NuGet.config
		README.md = README.md
	EndProjectSection
EndProject
Project("{2150E333-8FDC-42A3-9474-1A3956D46DE8}") = "Direct2D1", "Direct2D1", "{4E805E04-239C-4352-841F-5175483FE6A0}"
EndProject
Project("{9A19103F-16F7-4668-BE54-9A1E7A4F7556}") = "AdvancedTextRenderingApp", "src\samples\AdvancedTextRenderingApp\AdvancedTextRenderingApp.csproj", "{40EEE371-A385-4515-AA81-9C8AA90C4FCE}"
EndProject
Project("{9A19103F-16F7-4668-BE54-9A1E7A4F7556}") = "Vortice.DirectInput", "src\Vortice.DirectInput\Vortice.DirectInput.csproj", "{BE5235C5-57D4-42A1-B084-0A3DEDABDF15}"
EndProject
Project("{2150E333-8FDC-42A3-9474-1A3956D46DE8}") = "tests", "tests", "{736CFFF1-F854-46D3-B033-E43013E35E7C}"
EndProject
Project("{9A19103F-16F7-4668-BE54-9A1E7A4F7556}") = "Vortice.Dxc.Test", "src\tests\Vortice.Dxc.Test\Vortice.Dxc.Test.csproj", "{3AE41313-5D1F-4CF7-B3C9-DAECBA9AA846}"
EndProject
Project("{9A19103F-16F7-4668-BE54-9A1E7A4F7556}") = "Vortice.D3DCompiler.Test", "src\tests\Vortice.D3DCompiler.Test\Vortice.D3DCompiler.Test.csproj", "{FD828EA8-A79B-4DF8-ACC3-23C20C5342FE}"
EndProject
Project("{9A19103F-16F7-4668-BE54-9A1E7A4F7556}") = "HelloDirectInput", "src\samples\HelloDirectInput\HelloDirectInput.csproj", "{ABB39205-20AC-4A1F-9066-1339E6F41ED6}"
EndProject
Project("{2150E333-8FDC-42A3-9474-1A3956D46DE8}") = "Direct3D12", "Direct3D12", "{98D5E500-0B04-4EB9-B7E9-81CFBD58F2CB}"
EndProject
Project("{2150E333-8FDC-42A3-9474-1A3956D46DE8}") = "Direct3D11", "Direct3D11", "{427B8D27-74DB-4BAA-A2EA-8671266FC8EE}"
EndProject
Project("{2150E333-8FDC-42A3-9474-1A3956D46DE8}") = "Legacy", "Legacy", "{E9F88B1E-7B78-4806-BC55-E9375F130AAC}"
EndProject
Project("{2150E333-8FDC-42A3-9474-1A3956D46DE8}") = "XInput", "XInput", "{D6C81421-5674-418A-BDF9-A0B0DCD86E7E}"
EndProject
Project("{9A19103F-16F7-4668-BE54-9A1E7A4F7556}") = "HelloXInput", "src\samples\XInput\HelloXInput.csproj", "{22715E14-5C28-4F04-A56A-96DAC417287F}"
EndProject
Project("{9A19103F-16F7-4668-BE54-9A1E7A4F7556}") = "Vortice.DirectStorage", "src\Vortice.DirectStorage\Vortice.DirectStorage.csproj", "{3A0FCF8D-9890-4A4F-8C4B-4C88BFFC5CD4}"
EndProject
Project("{2150E333-8FDC-42A3-9474-1A3956D46DE8}") = "DirectStorage", "DirectStorage", "{F691F867-5A6E-4C6A-A3BA-1F2200EEB804}"
EndProject
Project("{9A19103F-16F7-4668-BE54-9A1E7A4F7556}") = "HelloDirectStorage", "src\samples\HelloDirectStorage\HelloDirectStorage.csproj", "{CA1A3E54-2247-44B3-85E0-68D5737ED768}"
EndProject
Project("{9A19103F-16F7-4668-BE54-9A1E7A4F7556}") = "Vortice.DirectML", "src\Vortice.DirectML\Vortice.DirectML.csproj", "{7ACF3C15-489C-4D32-B99D-AD9F85439D79}"
EndProject
Project("{2150E333-8FDC-42A3-9474-1A3956D46DE8}") = "DirectML", "DirectML", "{A6D77D79-0370-47BA-9764-61D56B19B00A}"
EndProject
Project("{9A19103F-16F7-4668-BE54-9A1E7A4F7556}") = "HelloDirectML", "src\samples\HelloDirectML\HelloDirectML.csproj", "{B2642A4F-8A7C-4968-84FE-35AAC8D8E960}"
EndProject
Global
	GlobalSection(SolutionConfigurationPlatforms) = preSolution
		Debug|Any CPU = Debug|Any CPU
		Release|Any CPU = Release|Any CPU
	EndGlobalSection
	GlobalSection(ProjectConfigurationPlatforms) = postSolution
		{A9645572-0847-4FDA-90F4-0ACA2C257847}.Debug|Any CPU.ActiveCfg = Debug|Any CPU
		{A9645572-0847-4FDA-90F4-0ACA2C257847}.Debug|Any CPU.Build.0 = Debug|Any CPU
		{A9645572-0847-4FDA-90F4-0ACA2C257847}.Release|Any CPU.ActiveCfg = Release|Any CPU
		{A9645572-0847-4FDA-90F4-0ACA2C257847}.Release|Any CPU.Build.0 = Release|Any CPU
		{26314741-88F5-4C0A-B34C-09FD714380A7}.Debug|Any CPU.ActiveCfg = Debug|Any CPU
		{26314741-88F5-4C0A-B34C-09FD714380A7}.Debug|Any CPU.Build.0 = Debug|Any CPU
		{26314741-88F5-4C0A-B34C-09FD714380A7}.Release|Any CPU.ActiveCfg = Release|Any CPU
		{26314741-88F5-4C0A-B34C-09FD714380A7}.Release|Any CPU.Build.0 = Release|Any CPU
		{734F3D9C-F768-425A-A2C4-E3491AD7B4C7}.Debug|Any CPU.ActiveCfg = Debug|Any CPU
		{734F3D9C-F768-425A-A2C4-E3491AD7B4C7}.Debug|Any CPU.Build.0 = Debug|Any CPU
		{734F3D9C-F768-425A-A2C4-E3491AD7B4C7}.Release|Any CPU.ActiveCfg = Release|Any CPU
		{734F3D9C-F768-425A-A2C4-E3491AD7B4C7}.Release|Any CPU.Build.0 = Release|Any CPU
		{2182B80A-2BFC-4995-AB1C-BC8EB433FE4C}.Debug|Any CPU.ActiveCfg = Debug|Any CPU
		{2182B80A-2BFC-4995-AB1C-BC8EB433FE4C}.Debug|Any CPU.Build.0 = Debug|Any CPU
		{2182B80A-2BFC-4995-AB1C-BC8EB433FE4C}.Release|Any CPU.ActiveCfg = Release|Any CPU
		{2182B80A-2BFC-4995-AB1C-BC8EB433FE4C}.Release|Any CPU.Build.0 = Release|Any CPU
		{E9F89D5F-AF93-498C-BFB0-61377F461491}.Debug|Any CPU.ActiveCfg = Debug|Any CPU
		{E9F89D5F-AF93-498C-BFB0-61377F461491}.Debug|Any CPU.Build.0 = Debug|Any CPU
		{E9F89D5F-AF93-498C-BFB0-61377F461491}.Release|Any CPU.ActiveCfg = Release|Any CPU
		{E9F89D5F-AF93-498C-BFB0-61377F461491}.Release|Any CPU.Build.0 = Release|Any CPU
		{000197C6-6CC3-4658-BF7A-F9BAF9BBF5E6}.Debug|Any CPU.ActiveCfg = Debug|Any CPU
		{000197C6-6CC3-4658-BF7A-F9BAF9BBF5E6}.Debug|Any CPU.Build.0 = Debug|Any CPU
		{000197C6-6CC3-4658-BF7A-F9BAF9BBF5E6}.Release|Any CPU.ActiveCfg = Release|Any CPU
		{000197C6-6CC3-4658-BF7A-F9BAF9BBF5E6}.Release|Any CPU.Build.0 = Release|Any CPU
		{B9511CB1-AF96-4108-BD05-A85973C60AC9}.Debug|Any CPU.ActiveCfg = Debug|Any CPU
		{B9511CB1-AF96-4108-BD05-A85973C60AC9}.Debug|Any CPU.Build.0 = Debug|Any CPU
		{B9511CB1-AF96-4108-BD05-A85973C60AC9}.Release|Any CPU.ActiveCfg = Release|Any CPU
		{B9511CB1-AF96-4108-BD05-A85973C60AC9}.Release|Any CPU.Build.0 = Release|Any CPU
		{2FA22A6B-D85E-4718-8C7D-9BC1A6212B9D}.Debug|Any CPU.ActiveCfg = Debug|Any CPU
		{2FA22A6B-D85E-4718-8C7D-9BC1A6212B9D}.Debug|Any CPU.Build.0 = Debug|Any CPU
		{2FA22A6B-D85E-4718-8C7D-9BC1A6212B9D}.Release|Any CPU.ActiveCfg = Release|Any CPU
		{2FA22A6B-D85E-4718-8C7D-9BC1A6212B9D}.Release|Any CPU.Build.0 = Release|Any CPU
		{D9CBA826-85A4-47B3-BCA2-2D72AA8E2C5D}.Debug|Any CPU.ActiveCfg = Debug|Any CPU
		{D9CBA826-85A4-47B3-BCA2-2D72AA8E2C5D}.Debug|Any CPU.Build.0 = Debug|Any CPU
		{D9CBA826-85A4-47B3-BCA2-2D72AA8E2C5D}.Release|Any CPU.ActiveCfg = Release|Any CPU
		{D9CBA826-85A4-47B3-BCA2-2D72AA8E2C5D}.Release|Any CPU.Build.0 = Release|Any CPU
		{B51C4D23-F3EC-4E69-9CEA-76D340BD6749}.Debug|Any CPU.ActiveCfg = Debug|Any CPU
		{B51C4D23-F3EC-4E69-9CEA-76D340BD6749}.Debug|Any CPU.Build.0 = Debug|Any CPU
		{B51C4D23-F3EC-4E69-9CEA-76D340BD6749}.Release|Any CPU.ActiveCfg = Release|Any CPU
		{B51C4D23-F3EC-4E69-9CEA-76D340BD6749}.Release|Any CPU.Build.0 = Release|Any CPU
		{4583371C-617C-4F5A-8514-D23C906F2338}.Debug|Any CPU.ActiveCfg = Debug|Any CPU
		{4583371C-617C-4F5A-8514-D23C906F2338}.Debug|Any CPU.Build.0 = Debug|Any CPU
		{4583371C-617C-4F5A-8514-D23C906F2338}.Release|Any CPU.ActiveCfg = Release|Any CPU
		{4583371C-617C-4F5A-8514-D23C906F2338}.Release|Any CPU.Build.0 = Release|Any CPU
		{B54120C2-217F-44C4-A1C2-DC9D93F09729}.Debug|Any CPU.ActiveCfg = Debug|Any CPU
		{B54120C2-217F-44C4-A1C2-DC9D93F09729}.Debug|Any CPU.Build.0 = Debug|Any CPU
		{B54120C2-217F-44C4-A1C2-DC9D93F09729}.Release|Any CPU.ActiveCfg = Release|Any CPU
		{B54120C2-217F-44C4-A1C2-DC9D93F09729}.Release|Any CPU.Build.0 = Release|Any CPU
		{9BF45C22-6C5B-4468-AD57-151D3E73947C}.Debug|Any CPU.ActiveCfg = Debug|Any CPU
		{9BF45C22-6C5B-4468-AD57-151D3E73947C}.Debug|Any CPU.Build.0 = Debug|Any CPU
		{9BF45C22-6C5B-4468-AD57-151D3E73947C}.Release|Any CPU.ActiveCfg = Release|Any CPU
		{9BF45C22-6C5B-4468-AD57-151D3E73947C}.Release|Any CPU.Build.0 = Release|Any CPU
		{58C451C2-994B-41E6-80C5-975C23D6ECF9}.Debug|Any CPU.ActiveCfg = Debug|Any CPU
		{58C451C2-994B-41E6-80C5-975C23D6ECF9}.Debug|Any CPU.Build.0 = Debug|Any CPU
		{58C451C2-994B-41E6-80C5-975C23D6ECF9}.Release|Any CPU.ActiveCfg = Release|Any CPU
		{58C451C2-994B-41E6-80C5-975C23D6ECF9}.Release|Any CPU.Build.0 = Release|Any CPU
		{5368F2D1-D113-4C92-ABBC-A6FC3DE781B2}.Debug|Any CPU.ActiveCfg = Debug|Any CPU
		{5368F2D1-D113-4C92-ABBC-A6FC3DE781B2}.Debug|Any CPU.Build.0 = Debug|Any CPU
		{5368F2D1-D113-4C92-ABBC-A6FC3DE781B2}.Release|Any CPU.ActiveCfg = Release|Any CPU
		{5368F2D1-D113-4C92-ABBC-A6FC3DE781B2}.Release|Any CPU.Build.0 = Release|Any CPU
		{2246B81E-ED94-4DAD-8336-782CEDCD1795}.Debug|Any CPU.ActiveCfg = Debug|Any CPU
		{2246B81E-ED94-4DAD-8336-782CEDCD1795}.Debug|Any CPU.Build.0 = Debug|Any CPU
		{2246B81E-ED94-4DAD-8336-782CEDCD1795}.Release|Any CPU.ActiveCfg = Release|Any CPU
		{2246B81E-ED94-4DAD-8336-782CEDCD1795}.Release|Any CPU.Build.0 = Release|Any CPU
		{61F8DB50-54D3-44C7-A438-FE5201C01DD4}.Debug|Any CPU.ActiveCfg = Debug|Any CPU
		{61F8DB50-54D3-44C7-A438-FE5201C01DD4}.Debug|Any CPU.Build.0 = Debug|Any CPU
		{61F8DB50-54D3-44C7-A438-FE5201C01DD4}.Release|Any CPU.ActiveCfg = Release|Any CPU
		{61F8DB50-54D3-44C7-A438-FE5201C01DD4}.Release|Any CPU.Build.0 = Release|Any CPU
		{40EEE371-A385-4515-AA81-9C8AA90C4FCE}.Debug|Any CPU.ActiveCfg = Debug|Any CPU
		{40EEE371-A385-4515-AA81-9C8AA90C4FCE}.Debug|Any CPU.Build.0 = Debug|Any CPU
		{40EEE371-A385-4515-AA81-9C8AA90C4FCE}.Release|Any CPU.ActiveCfg = Release|Any CPU
		{40EEE371-A385-4515-AA81-9C8AA90C4FCE}.Release|Any CPU.Build.0 = Release|Any CPU
		{BE5235C5-57D4-42A1-B084-0A3DEDABDF15}.Debug|Any CPU.ActiveCfg = Debug|Any CPU
		{BE5235C5-57D4-42A1-B084-0A3DEDABDF15}.Debug|Any CPU.Build.0 = Debug|Any CPU
		{BE5235C5-57D4-42A1-B084-0A3DEDABDF15}.Release|Any CPU.ActiveCfg = Release|Any CPU
		{BE5235C5-57D4-42A1-B084-0A3DEDABDF15}.Release|Any CPU.Build.0 = Release|Any CPU
		{3AE41313-5D1F-4CF7-B3C9-DAECBA9AA846}.Debug|Any CPU.ActiveCfg = Debug|Any CPU
		{3AE41313-5D1F-4CF7-B3C9-DAECBA9AA846}.Debug|Any CPU.Build.0 = Debug|Any CPU
		{3AE41313-5D1F-4CF7-B3C9-DAECBA9AA846}.Release|Any CPU.ActiveCfg = Release|Any CPU
		{3AE41313-5D1F-4CF7-B3C9-DAECBA9AA846}.Release|Any CPU.Build.0 = Release|Any CPU
		{FD828EA8-A79B-4DF8-ACC3-23C20C5342FE}.Debug|Any CPU.ActiveCfg = Debug|Any CPU
		{FD828EA8-A79B-4DF8-ACC3-23C20C5342FE}.Debug|Any CPU.Build.0 = Debug|Any CPU
		{FD828EA8-A79B-4DF8-ACC3-23C20C5342FE}.Release|Any CPU.ActiveCfg = Release|Any CPU
		{FD828EA8-A79B-4DF8-ACC3-23C20C5342FE}.Release|Any CPU.Build.0 = Release|Any CPU
		{ABB39205-20AC-4A1F-9066-1339E6F41ED6}.Debug|Any CPU.ActiveCfg = Debug|Any CPU
		{ABB39205-20AC-4A1F-9066-1339E6F41ED6}.Debug|Any CPU.Build.0 = Debug|Any CPU
		{ABB39205-20AC-4A1F-9066-1339E6F41ED6}.Release|Any CPU.ActiveCfg = Release|Any CPU
		{ABB39205-20AC-4A1F-9066-1339E6F41ED6}.Release|Any CPU.Build.0 = Release|Any CPU
		{22715E14-5C28-4F04-A56A-96DAC417287F}.Debug|Any CPU.ActiveCfg = Debug|Any CPU
		{22715E14-5C28-4F04-A56A-96DAC417287F}.Debug|Any CPU.Build.0 = Debug|Any CPU
		{22715E14-5C28-4F04-A56A-96DAC417287F}.Release|Any CPU.ActiveCfg = Release|Any CPU
		{22715E14-5C28-4F04-A56A-96DAC417287F}.Release|Any CPU.Build.0 = Release|Any CPU
		{3A0FCF8D-9890-4A4F-8C4B-4C88BFFC5CD4}.Debug|Any CPU.ActiveCfg = Debug|Any CPU
		{3A0FCF8D-9890-4A4F-8C4B-4C88BFFC5CD4}.Debug|Any CPU.Build.0 = Debug|Any CPU
		{3A0FCF8D-9890-4A4F-8C4B-4C88BFFC5CD4}.Release|Any CPU.ActiveCfg = Release|Any CPU
		{3A0FCF8D-9890-4A4F-8C4B-4C88BFFC5CD4}.Release|Any CPU.Build.0 = Release|Any CPU
		{CA1A3E54-2247-44B3-85E0-68D5737ED768}.Debug|Any CPU.ActiveCfg = Debug|Any CPU
		{CA1A3E54-2247-44B3-85E0-68D5737ED768}.Debug|Any CPU.Build.0 = Debug|Any CPU
		{CA1A3E54-2247-44B3-85E0-68D5737ED768}.Release|Any CPU.ActiveCfg = Release|Any CPU
		{CA1A3E54-2247-44B3-85E0-68D5737ED768}.Release|Any CPU.Build.0 = Release|Any CPU
		{7ACF3C15-489C-4D32-B99D-AD9F85439D79}.Debug|Any CPU.ActiveCfg = Debug|Any CPU
		{7ACF3C15-489C-4D32-B99D-AD9F85439D79}.Debug|Any CPU.Build.0 = Debug|Any CPU
		{7ACF3C15-489C-4D32-B99D-AD9F85439D79}.Release|Any CPU.ActiveCfg = Release|Any CPU
		{7ACF3C15-489C-4D32-B99D-AD9F85439D79}.Release|Any CPU.Build.0 = Release|Any CPU
		{B2642A4F-8A7C-4968-84FE-35AAC8D8E960}.Debug|Any CPU.ActiveCfg = Debug|Any CPU
		{B2642A4F-8A7C-4968-84FE-35AAC8D8E960}.Debug|Any CPU.Build.0 = Debug|Any CPU
		{B2642A4F-8A7C-4968-84FE-35AAC8D8E960}.Release|Any CPU.ActiveCfg = Release|Any CPU
		{B2642A4F-8A7C-4968-84FE-35AAC8D8E960}.Release|Any CPU.Build.0 = Release|Any CPU
	EndGlobalSection
	GlobalSection(SolutionProperties) = preSolution
		HideSolutionNode = FALSE
	EndGlobalSection
	GlobalSection(NestedProjects) = preSolution
		{58C451C2-994B-41E6-80C5-975C23D6ECF9} = {5676F50D-CC54-4DC6-980D-6B68FFF64065}
		{5368F2D1-D113-4C92-ABBC-A6FC3DE781B2} = {427B8D27-74DB-4BAA-A2EA-8671266FC8EE}
		{2246B81E-ED94-4DAD-8336-782CEDCD1795} = {98D5E500-0B04-4EB9-B7E9-81CFBD58F2CB}
		{61F8DB50-54D3-44C7-A438-FE5201C01DD4} = {98D5E500-0B04-4EB9-B7E9-81CFBD58F2CB}
		{4E805E04-239C-4352-841F-5175483FE6A0} = {5676F50D-CC54-4DC6-980D-6B68FFF64065}
		{40EEE371-A385-4515-AA81-9C8AA90C4FCE} = {4E805E04-239C-4352-841F-5175483FE6A0}
		{3AE41313-5D1F-4CF7-B3C9-DAECBA9AA846} = {736CFFF1-F854-46D3-B033-E43013E35E7C}
		{FD828EA8-A79B-4DF8-ACC3-23C20C5342FE} = {736CFFF1-F854-46D3-B033-E43013E35E7C}
		{ABB39205-20AC-4A1F-9066-1339E6F41ED6} = {E9F88B1E-7B78-4806-BC55-E9375F130AAC}
		{98D5E500-0B04-4EB9-B7E9-81CFBD58F2CB} = {5676F50D-CC54-4DC6-980D-6B68FFF64065}
		{427B8D27-74DB-4BAA-A2EA-8671266FC8EE} = {5676F50D-CC54-4DC6-980D-6B68FFF64065}
		{E9F88B1E-7B78-4806-BC55-E9375F130AAC} = {5676F50D-CC54-4DC6-980D-6B68FFF64065}
		{D6C81421-5674-418A-BDF9-A0B0DCD86E7E} = {5676F50D-CC54-4DC6-980D-6B68FFF64065}
		{22715E14-5C28-4F04-A56A-96DAC417287F} = {D6C81421-5674-418A-BDF9-A0B0DCD86E7E}
		{F691F867-5A6E-4C6A-A3BA-1F2200EEB804} = {5676F50D-CC54-4DC6-980D-6B68FFF64065}
		{CA1A3E54-2247-44B3-85E0-68D5737ED768} = {F691F867-5A6E-4C6A-A3BA-1F2200EEB804}
		{A6D77D79-0370-47BA-9764-61D56B19B00A} = {5676F50D-CC54-4DC6-980D-6B68FFF64065}
		{B2642A4F-8A7C-4968-84FE-35AAC8D8E960} = {A6D77D79-0370-47BA-9764-61D56B19B00A}
	EndGlobalSection
	GlobalSection(ExtensibilityGlobals) = postSolution
		SolutionGuid = {B0734700-42E1-4F87-8DD2-0084849DA44A}
	EndGlobalSection
EndGlobal
