Microsoft Visual Studio Solution File, Format Version 12.00
# Visual Studio 15
VisualStudioVersion = 15.0.27004.2008
MinimumVisualStudioVersion = 10.0.40219.1
Project("{9A19103F-16F7-4668-BE54-9A1E7A4F7556}") = "Vortice.D3D", "Vortice.D3D\Vortice.D3D.csproj", "{A9645572-0847-4FDA-90F4-0ACA2C257847}"
EndProject
Project("{9A19103F-16F7-4668-BE54-9A1E7A4F7556}") = "Vortice.Direct3D11", "Vortice.Direct3D11\Vortice.Direct3D11.csproj", "{26314741-88F5-4C0A-B34C-09FD714380A7}"
EndProject
Project("{2150E333-8FDC-42A3-9474-1A3956D46DE8}") = "samples", "samples", "{5676F50D-CC54-4DC6-980D-6B68FFF64065}"
EndProject
Project("{9A19103F-16F7-4668-BE54-9A1E7A4F7556}") = "HelloDirect3D11", "samples\HelloDirect3D11\HelloDirect3D11.csproj", "{5368F2D1-D113-4C92-ABBC-A6FC3DE781B2}"
EndProject
Global
	GlobalSection(SolutionConfigurationPlatforms) = preSolution
		Debug|Any CPU = Debug|Any CPU
		Release|Any CPU = Release|Any CPU
	EndGlobalSection
	GlobalSection(ProjectConfigurationPlatforms) = postSolution
		{A9645572-0847-4FDA-90F4-0ACA2C257847}.Debug|Any CPU.ActiveCfg = Debug|Any CPU
		{A9645572-0847-4FDA-90F4-0ACA2C257847}.Debug|Any CPU.Build.0 = Debug|Any CPU
		{A9645572-0847-4FDA-90F4-0ACA2C257847}.Release|Any CPU.ActiveCfg = Release|Any CPU
		{A9645572-0847-4FDA-90F4-0ACA2C257847}.Release|Any CPU.Build.0 = Release|Any CPU
		{26314741-88F5-4C0A-B34C-09FD714380A7}.Debug|Any CPU.ActiveCfg = Debug|Any CPU
		{26314741-88F5-4C0A-B34C-09FD714380A7}.Debug|Any CPU.Build.0 = Debug|Any CPU
		{26314741-88F5-4C0A-B34C-09FD714380A7}.Release|Any CPU.ActiveCfg = Release|Any CPU
		{26314741-88F5-4C0A-B34C-09FD714380A7}.Release|Any CPU.Build.0 = Release|Any CPU
		{5368F2D1-D113-4C92-ABBC-A6FC3DE781B2}.Debug|Any CPU.ActiveCfg = Debug|Any CPU
		{5368F2D1-D113-4C92-ABBC-A6FC3DE781B2}.Debug|Any CPU.Build.0 = Debug|Any CPU
		{5368F2D1-D113-4C92-ABBC-A6FC3DE781B2}.Release|Any CPU.ActiveCfg = Release|Any CPU
		{5368F2D1-D113-4C92-ABBC-A6FC3DE781B2}.Release|Any CPU.Build.0 = Release|Any CPU
	EndGlobalSection
	GlobalSection(SolutionProperties) = preSolution
		HideSolutionNode = FALSE
	EndGlobalSection
	GlobalSection(NestedProjects) = preSolution
		{5368F2D1-D113-4C92-ABBC-A6FC3DE781B2} = {5676F50D-CC54-4DC6-980D-6B68FFF64065}
	EndGlobalSection
	GlobalSection(ExtensibilityGlobals) = postSolution
		SolutionGuid = {B0734700-42E1-4F87-8DD2-0084849DA44A}
	EndGlobalSection
EndGlobal
