Microsoft Visual Studio Solution File, Format Version 12.00
# Visual Studio Version 16
VisualStudioVersion = 16.0.29001.49
MinimumVisualStudioVersion = 10.0.40219.1
Project("{9A19103F-16F7-4668-BE54-9A1E7A4F7556}") = "Vortice.DirectX", "Vortice.DirectX\Vortice.DirectX.csproj", "{A9645572-0847-4FDA-90F4-0ACA2C257847}"
EndProject
Project("{9A19103F-16F7-4668-BE54-9A1E7A4F7556}") = "Vortice.Direct3D11", "Vortice.Direct3D11\Vortice.Direct3D11.csproj", "{26314741-88F5-4C0A-B34C-09FD714380A7}"
EndProject
Project("{9A19103F-16F7-4668-BE54-9A1E7A4F7556}") = "Vortice.Direct3D12", "Vortice.Direct3D12\Vortice.Direct3D12.csproj", "{734F3D9C-F768-425A-A2C4-E3491AD7B4C7}"
EndProject
Project("{9A19103F-16F7-4668-BE54-9A1E7A4F7556}") = "Vortice.Direct2D1", "Vortice.Direct2D1\Vortice.Direct2D1.csproj", "{2182B80A-2BFC-4995-AB1C-BC8EB433FE4C}"
EndProject
Project("{9A19103F-16F7-4668-BE54-9A1E7A4F7556}") = "Vortice.D3DCompiler", "Vortice.D3DCompiler\Vortice.D3DCompiler.csproj", "{E9F89D5F-AF93-498C-BFB0-61377F461491}"
EndProject
Project("{2150E333-8FDC-42A3-9474-1A3956D46DE8}") = "samples", "samples", "{5676F50D-CC54-4DC6-980D-6B68FFF64065}"
EndProject
Project("{9A19103F-16F7-4668-BE54-9A1E7A4F7556}") = "Vortice.SampleFramework", "samples\Vortice.SampleFramework\Vortice.SampleFramework.csproj", "{58C451C2-994B-41E6-80C5-975C23D6ECF9}"
EndProject
Project("{9A19103F-16F7-4668-BE54-9A1E7A4F7556}") = "HelloDirect3D11", "samples\HelloDirect3D11\HelloDirect3D11.csproj", "{5368F2D1-D113-4C92-ABBC-A6FC3DE781B2}"
EndProject
Project("{9A19103F-16F7-4668-BE54-9A1E7A4F7556}") = "HelloDirect3D12", "samples\HelloDirect3D12\HelloDirect3D12.csproj", "{2246B81E-ED94-4DAD-8336-782CEDCD1795}"
EndProject
Project("{9A19103F-16F7-4668-BE54-9A1E7A4F7556}") = "Vortice.Runtime.COM", "Vortice.Runtime.COM\Vortice.Runtime.COM.csproj", "{FA74F205-F0B1-49F4-887C-70895AA1A01C}"
EndProject
Project("{9A19103F-16F7-4668-BE54-9A1E7A4F7556}") = "Vortice.XInput", "Vortice.XInput\Vortice.XInput.csproj", "{000197C6-6CC3-4658-BF7A-F9BAF9BBF5E6}"
EndProject
Project("{9A19103F-16F7-4668-BE54-9A1E7A4F7556}") = "Vortice.Dxc", "Vortice.Dxc\Vortice.Dxc.csproj", "{B9511CB1-AF96-4108-BD05-A85973C60AC9}"
EndProject
Project("{9A19103F-16F7-4668-BE54-9A1E7A4F7556}") = "Vortice.DXGI", "Vortice.DXGI\Vortice.DXGI.csproj", "{2FA22A6B-D85E-4718-8C7D-9BC1A6212B9D}"
EndProject
Project("{9A19103F-16F7-4668-BE54-9A1E7A4F7556}") = "Vortice.XAudio2", "Vortice.XAudio2\Vortice.XAudio2.csproj", "{D9CBA826-85A4-47B3-BCA2-2D72AA8E2C5D}"
EndProject
Project("{9A19103F-16F7-4668-BE54-9A1E7A4F7556}") = "Vortice.Multimedia", "Vortice.Multimedia\Vortice.Multimedia.csproj", "{8B819A20-F08E-4329-9183-235A58ED0024}"
EndProject
Project("{9A19103F-16F7-4668-BE54-9A1E7A4F7556}") = "Vortice.Direct3D9", "Vortice.Direct3D9\Vortice.Direct3D9.csproj", "{B51C4D23-F3EC-4E69-9CEA-76D340BD6749}"
EndProject
Project("{9A19103F-16F7-4668-BE54-9A1E7A4F7556}") = "Vortice.DirectComposition", "Vortice.DirectComposition\Vortice.DirectComposition.csproj", "{4583371C-617C-4F5A-8514-D23C906F2338}"
EndProject
Project("{9A19103F-16F7-4668-BE54-9A1E7A4F7556}") = "HelloDirect3D12Raytracing", "samples\HelloDirect3D12Raytracing\HelloDirect3D12Raytracing.csproj", "{61F8DB50-54D3-44C7-A438-FE5201C01DD4}"
EndProject
Global
	GlobalSection(SolutionConfigurationPlatforms) = preSolution
		Debug|Any CPU = Debug|Any CPU
		Release|Any CPU = Release|Any CPU
	EndGlobalSection
	GlobalSection(ProjectConfigurationPlatforms) = postSolution
		{A9645572-0847-4FDA-90F4-0ACA2C257847}.Debug|Any CPU.ActiveCfg = Debug|Any CPU
		{A9645572-0847-4FDA-90F4-0ACA2C257847}.Debug|Any CPU.Build.0 = Debug|Any CPU
		{A9645572-0847-4FDA-90F4-0ACA2C257847}.Release|Any CPU.ActiveCfg = Release|Any CPU
		{A9645572-0847-4FDA-90F4-0ACA2C257847}.Release|Any CPU.Build.0 = Release|Any CPU
		{26314741-88F5-4C0A-B34C-09FD714380A7}.Debug|Any CPU.ActiveCfg = Debug|Any CPU
		{26314741-88F5-4C0A-B34C-09FD714380A7}.Debug|Any CPU.Build.0 = Debug|Any CPU
		{26314741-88F5-4C0A-B34C-09FD714380A7}.Release|Any CPU.ActiveCfg = Release|Any CPU
		{26314741-88F5-4C0A-B34C-09FD714380A7}.Release|Any CPU.Build.0 = Release|Any CPU
		{734F3D9C-F768-425A-A2C4-E3491AD7B4C7}.Debug|Any CPU.ActiveCfg = Debug|Any CPU
		{734F3D9C-F768-425A-A2C4-E3491AD7B4C7}.Debug|Any CPU.Build.0 = Debug|Any CPU
		{734F3D9C-F768-425A-A2C4-E3491AD7B4C7}.Release|Any CPU.ActiveCfg = Release|Any CPU
		{734F3D9C-F768-425A-A2C4-E3491AD7B4C7}.Release|Any CPU.Build.0 = Release|Any CPU
		{2182B80A-2BFC-4995-AB1C-BC8EB433FE4C}.Debug|Any CPU.ActiveCfg = Debug|Any CPU
		{2182B80A-2BFC-4995-AB1C-BC8EB433FE4C}.Debug|Any CPU.Build.0 = Debug|Any CPU
		{2182B80A-2BFC-4995-AB1C-BC8EB433FE4C}.Release|Any CPU.ActiveCfg = Release|Any CPU
		{2182B80A-2BFC-4995-AB1C-BC8EB433FE4C}.Release|Any CPU.Build.0 = Release|Any CPU
		{E9F89D5F-AF93-498C-BFB0-61377F461491}.Debug|Any CPU.ActiveCfg = Debug|Any CPU
		{E9F89D5F-AF93-498C-BFB0-61377F461491}.Debug|Any CPU.Build.0 = Debug|Any CPU
		{E9F89D5F-AF93-498C-BFB0-61377F461491}.Release|Any CPU.ActiveCfg = Release|Any CPU
		{E9F89D5F-AF93-498C-BFB0-61377F461491}.Release|Any CPU.Build.0 = Release|Any CPU
		{58C451C2-994B-41E6-80C5-975C23D6ECF9}.Debug|Any CPU.ActiveCfg = Debug|Any CPU
		{58C451C2-994B-41E6-80C5-975C23D6ECF9}.Debug|Any CPU.Build.0 = Debug|Any CPU
		{58C451C2-994B-41E6-80C5-975C23D6ECF9}.Release|Any CPU.ActiveCfg = Release|Any CPU
		{58C451C2-994B-41E6-80C5-975C23D6ECF9}.Release|Any CPU.Build.0 = Release|Any CPU
		{5368F2D1-D113-4C92-ABBC-A6FC3DE781B2}.Debug|Any CPU.ActiveCfg = Debug|Any CPU
		{5368F2D1-D113-4C92-ABBC-A6FC3DE781B2}.Debug|Any CPU.Build.0 = Debug|Any CPU
		{5368F2D1-D113-4C92-ABBC-A6FC3DE781B2}.Release|Any CPU.ActiveCfg = Release|Any CPU
		{5368F2D1-D113-4C92-ABBC-A6FC3DE781B2}.Release|Any CPU.Build.0 = Release|Any CPU
		{2246B81E-ED94-4DAD-8336-782CEDCD1795}.Debug|Any CPU.ActiveCfg = Debug|Any CPU
		{2246B81E-ED94-4DAD-8336-782CEDCD1795}.Debug|Any CPU.Build.0 = Debug|Any CPU
		{2246B81E-ED94-4DAD-8336-782CEDCD1795}.Release|Any CPU.ActiveCfg = Release|Any CPU
		{2246B81E-ED94-4DAD-8336-782CEDCD1795}.Release|Any CPU.Build.0 = Release|Any CPU
		{FA74F205-F0B1-49F4-887C-70895AA1A01C}.Debug|Any CPU.ActiveCfg = Debug|Any CPU
		{FA74F205-F0B1-49F4-887C-70895AA1A01C}.Debug|Any CPU.Build.0 = Debug|Any CPU
		{FA74F205-F0B1-49F4-887C-70895AA1A01C}.Release|Any CPU.ActiveCfg = Release|Any CPU
		{FA74F205-F0B1-49F4-887C-70895AA1A01C}.Release|Any CPU.Build.0 = Release|Any CPU
		{000197C6-6CC3-4658-BF7A-F9BAF9BBF5E6}.Debug|Any CPU.ActiveCfg = Debug|Any CPU
		{000197C6-6CC3-4658-BF7A-F9BAF9BBF5E6}.Debug|Any CPU.Build.0 = Debug|Any CPU
		{000197C6-6CC3-4658-BF7A-F9BAF9BBF5E6}.Release|Any CPU.ActiveCfg = Release|Any CPU
		{000197C6-6CC3-4658-BF7A-F9BAF9BBF5E6}.Release|Any CPU.Build.0 = Release|Any CPU
		{B9511CB1-AF96-4108-BD05-A85973C60AC9}.Debug|Any CPU.ActiveCfg = Debug|Any CPU
		{B9511CB1-AF96-4108-BD05-A85973C60AC9}.Debug|Any CPU.Build.0 = Debug|Any CPU
		{B9511CB1-AF96-4108-BD05-A85973C60AC9}.Release|Any CPU.ActiveCfg = Release|Any CPU
		{B9511CB1-AF96-4108-BD05-A85973C60AC9}.Release|Any CPU.Build.0 = Release|Any CPU
		{2FA22A6B-D85E-4718-8C7D-9BC1A6212B9D}.Debug|Any CPU.ActiveCfg = Debug|Any CPU
		{2FA22A6B-D85E-4718-8C7D-9BC1A6212B9D}.Debug|Any CPU.Build.0 = Debug|Any CPU
		{2FA22A6B-D85E-4718-8C7D-9BC1A6212B9D}.Release|Any CPU.ActiveCfg = Release|Any CPU
		{2FA22A6B-D85E-4718-8C7D-9BC1A6212B9D}.Release|Any CPU.Build.0 = Release|Any CPU
		{D9CBA826-85A4-47B3-BCA2-2D72AA8E2C5D}.Debug|Any CPU.ActiveCfg = Debug|Any CPU
		{D9CBA826-85A4-47B3-BCA2-2D72AA8E2C5D}.Debug|Any CPU.Build.0 = Debug|Any CPU
		{D9CBA826-85A4-47B3-BCA2-2D72AA8E2C5D}.Release|Any CPU.ActiveCfg = Release|Any CPU
		{D9CBA826-85A4-47B3-BCA2-2D72AA8E2C5D}.Release|Any CPU.Build.0 = Release|Any CPU
		{8B819A20-F08E-4329-9183-235A58ED0024}.Debug|Any CPU.ActiveCfg = Debug|Any CPU
		{8B819A20-F08E-4329-9183-235A58ED0024}.Debug|Any CPU.Build.0 = Debug|Any CPU
		{8B819A20-F08E-4329-9183-235A58ED0024}.Release|Any CPU.ActiveCfg = Release|Any CPU
		{8B819A20-F08E-4329-9183-235A58ED0024}.Release|Any CPU.Build.0 = Release|Any CPU
		{B51C4D23-F3EC-4E69-9CEA-76D340BD6749}.Debug|Any CPU.ActiveCfg = Debug|Any CPU
		{B51C4D23-F3EC-4E69-9CEA-76D340BD6749}.Debug|Any CPU.Build.0 = Debug|Any CPU
		{B51C4D23-F3EC-4E69-9CEA-76D340BD6749}.Release|Any CPU.ActiveCfg = Release|Any CPU
		{B51C4D23-F3EC-4E69-9CEA-76D340BD6749}.Release|Any CPU.Build.0 = Release|Any CPU
		{4583371C-617C-4F5A-8514-D23C906F2338}.Debug|Any CPU.ActiveCfg = Debug|Any CPU
		{4583371C-617C-4F5A-8514-D23C906F2338}.Debug|Any CPU.Build.0 = Debug|Any CPU
		{4583371C-617C-4F5A-8514-D23C906F2338}.Release|Any CPU.ActiveCfg = Release|Any CPU
		{4583371C-617C-4F5A-8514-D23C906F2338}.Release|Any CPU.Build.0 = Release|Any CPU
		{61F8DB50-54D3-44C7-A438-FE5201C01DD4}.Debug|Any CPU.ActiveCfg = Debug|Any CPU
		{61F8DB50-54D3-44C7-A438-FE5201C01DD4}.Debug|Any CPU.Build.0 = Debug|Any CPU
		{61F8DB50-54D3-44C7-A438-FE5201C01DD4}.Release|Any CPU.ActiveCfg = Release|Any CPU
		{61F8DB50-54D3-44C7-A438-FE5201C01DD4}.Release|Any CPU.Build.0 = Release|Any CPU
	EndGlobalSection
	GlobalSection(SolutionProperties) = preSolution
		HideSolutionNode = FALSE
	EndGlobalSection
	GlobalSection(NestedProjects) = preSolution
		{58C451C2-994B-41E6-80C5-975C23D6ECF9} = {5676F50D-CC54-4DC6-980D-6B68FFF64065}
		{5368F2D1-D113-4C92-ABBC-A6FC3DE781B2} = {5676F50D-CC54-4DC6-980D-6B68FFF64065}
		{2246B81E-ED94-4DAD-8336-782CEDCD1795} = {5676F50D-CC54-4DC6-980D-6B68FFF64065}
		{61F8DB50-54D3-44C7-A438-FE5201C01DD4} = {5676F50D-CC54-4DC6-980D-6B68FFF64065}
	EndGlobalSection
	GlobalSection(ExtensibilityGlobals) = postSolution
		SolutionGuid = {B0734700-42E1-4F87-8DD2-0084849DA44A}
	EndGlobalSection
EndGlobal
